PODS:
  - SyRtcSDK (1.3.1):
    - WebRTC-SDK (~> 125.6422.07)
  - WebRTC-SDK (125.6422.09)

DEPENDENCIES:
  - SyRtcSDK (from `../`)

SPEC REPOS:
  trunk:
    - WebRTC-SDK

EXTERNAL SOURCES:
  SyRtcSDK:
    :path: "../"

SPEC CHECKSUMS:
  SyRtcSDK: 65a98499fe72063abd31a016238445d6486a06c4
  WebRTC-SDK: d75580e98b394310e934d1b404d19fd54db4b9d2

PODFILE CHECKSUM: 9e547e9cf17a28876dfdcfeefbd5a6319c814c7a

COCOAPODS: 1.16.2
